
Microsoft Visual Studio Solution File, Format Version 12.00
# Visual Studio 2012
Project("{FAE04EC0-301F-11D3-BF4B-00C04F79EFBC}") = "Metoder_12ELDE", "Metoder_12ELDE\Metoder_12ELDE.csproj", "{49C48A38-B876-4724-8809-C5FCA36D4C59}"
EndProject
Global
	GlobalSection(SolutionConfigurationPlatforms) = preSolution
		Debug|Any CPU = Debug|Any CPU
		Release|Any CPU = Release|Any CPU
	EndGlobalSection
	GlobalSection(ProjectConfigurationPlatforms) = postSolution
		{49C48A38-B876-4724-8809-C5FCA36D4C59}.Debug|Any CPU.ActiveCfg = Debug|Any CPU
		{49C48A38-B876-4724-8809-C5FCA36D4C59}.Debug|Any CPU.Build.0 = Debug|Any CPU
		{49C48A38-B876-4724-8809-C5FCA36D4C59}.Release|Any CPU.ActiveCfg = Release|Any CPU
		{49C48A38-B876-4724-8809-C5FCA36D4C59}.Release|Any CPU.Build.0 = Release|Any CPU
	EndGlobalSection
	GlobalSection(SolutionProperties) = preSolution
		HideSolutionNode = FALSE
	EndGlobalSection
EndGlobal
