
Microsoft Visual Studio Solution File, Format Version 12.00
# Visual Studio Express 2012 for Windows Desktop
Project("{FAE04EC0-301F-11D3-BF4B-00C04F79EFBC}") = "ExplainConsole", "ExplainConsole\ExplainConsole.csproj", "{262C1621-0BDC-4209-B0B6-1BC3F1B4E069}"
EndProject
Global
	GlobalSection(SolutionConfigurationPlatforms) = preSolution
		Debug|Any CPU = Debug|Any CPU
		Release|Any CPU = Release|Any CPU
	EndGlobalSection
	GlobalSection(ProjectConfigurationPlatforms) = postSolution
		{262C1621-0BDC-4209-B0B6-1BC3F1B4E069}.Debug|Any CPU.ActiveCfg = Debug|Any CPU
		{262C1621-0BDC-4209-B0B6-1BC3F1B4E069}.Debug|Any CPU.Build.0 = Debug|Any CPU
		{262C1621-0BDC-4209-B0B6-1BC3F1B4E069}.Release|Any CPU.ActiveCfg = Release|Any CPU
		{262C1621-0BDC-4209-B0B6-1BC3F1B4E069}.Release|Any CPU.Build.0 = Release|Any CPU
	EndGlobalSection
	GlobalSection(SolutionProperties) = preSolution
		HideSolutionNode = FALSE
	EndGlobalSection
EndGlobal
