
Microsoft Visual Studio Solution File, Format Version 12.00
# Visual Studio 2012
Project("{FAE04EC0-301F-11D3-BF4B-00C04F79EFBC}") = "MultiDimVectorExample", "MultiDimVectorExample\MultiDimVectorExample.csproj", "{24D3E5EF-3E8A-4715-B903-312BAA62AABB}"
EndProject
Global
	GlobalSection(SolutionConfigurationPlatforms) = preSolution
		Debug|Any CPU = Debug|Any CPU
		Release|Any CPU = Release|Any CPU
	EndGlobalSection
	GlobalSection(ProjectConfigurationPlatforms) = postSolution
		{24D3E5EF-3E8A-4715-B903-312BAA62AABB}.Debug|Any CPU.ActiveCfg = Debug|Any CPU
		{24D3E5EF-3E8A-4715-B903-312BAA62AABB}.Debug|Any CPU.Build.0 = Debug|Any CPU
		{24D3E5EF-3E8A-4715-B903-312BAA62AABB}.Release|Any CPU.ActiveCfg = Release|Any CPU
		{24D3E5EF-3E8A-4715-B903-312BAA62AABB}.Release|Any CPU.Build.0 = Release|Any CPU
	EndGlobalSection
	GlobalSection(SolutionProperties) = preSolution
		HideSolutionNode = FALSE
	EndGlobalSection
EndGlobal
