
Microsoft Visual Studio Solution File, Format Version 12.00
# Visual Studio 2012
Project("{FAE04EC0-301F-11D3-BF4B-00C04F79EFBC}") = "ExampelForSKoj", "ExampelForSKoj\ExampelForSKoj.csproj", "{2DB77B98-955F-40DB-B225-59ABE8952CEF}"
EndProject
Global
	GlobalSection(SolutionConfigurationPlatforms) = preSolution
		Debug|Any CPU = Debug|Any CPU
		Release|Any CPU = Release|Any CPU
	EndGlobalSection
	GlobalSection(ProjectConfigurationPlatforms) = postSolution
		{2DB77B98-955F-40DB-B225-59ABE8952CEF}.Debug|Any CPU.ActiveCfg = Debug|Any CPU
		{2DB77B98-955F-40DB-B225-59ABE8952CEF}.Debug|Any CPU.Build.0 = Debug|Any CPU
		{2DB77B98-955F-40DB-B225-59ABE8952CEF}.Release|Any CPU.ActiveCfg = Release|Any CPU
		{2DB77B98-955F-40DB-B225-59ABE8952CEF}.Release|Any CPU.Build.0 = Release|Any CPU
	EndGlobalSection
	GlobalSection(SolutionProperties) = preSolution
		HideSolutionNode = FALSE
	EndGlobalSection
EndGlobal
