
Microsoft Visual Studio Solution File, Format Version 12.00
# Visual Studio 2012
Project("{FAE04EC0-301F-11D3-BF4B-00C04F79EFBC}") = "MyArrayExample", "MyArrayExample\MyArrayExample.csproj", "{F31B3542-4D49-4BE4-B837-D4E4842A0489}"
EndProject
Global
	GlobalSection(SolutionConfigurationPlatforms) = preSolution
		Debug|Any CPU = Debug|Any CPU
		Release|Any CPU = Release|Any CPU
	EndGlobalSection
	GlobalSection(ProjectConfigurationPlatforms) = postSolution
		{F31B3542-4D49-4BE4-B837-D4E4842A0489}.Debug|Any CPU.ActiveCfg = Debug|Any CPU
		{F31B3542-4D49-4BE4-B837-D4E4842A0489}.Debug|Any CPU.Build.0 = Debug|Any CPU
		{F31B3542-4D49-4BE4-B837-D4E4842A0489}.Release|Any CPU.ActiveCfg = Release|Any CPU
		{F31B3542-4D49-4BE4-B837-D4E4842A0489}.Release|Any CPU.Build.0 = Release|Any CPU
	EndGlobalSection
	GlobalSection(SolutionProperties) = preSolution
		HideSolutionNode = FALSE
	EndGlobalSection
EndGlobal
